{
  "name": "secunoid-dot-com-spa",
  "lockfileVersion": 2,
  "requires": true,
  "packages": {
    "": {
      "dependencies": {
        "globals": "^16.4.0"
      }
    },
    "node_modules/globals": {
      "version": "16.4.0",
      "resolved": "https://registry.npmjs.org/globals/-/globals-16.4.0.tgz",
      "integrity": "sha512-ob/2LcVVaVGCYN+r14cnwnoDPUufjiYgSqRhiFD0Q1iI4Odora5RE8Iv1D24hAz5oMophRGkGz+yuvQmmUMnMw==",
      "engines": {
        "node": ">=18"
      },
      "funding": {
        "url": "https://github.com/sponsors/sindresorhus"
      }
    }
  },
  "dependencies": {
    "globals": {
      "version": "16.4.0",
      "resolved": "https://registry.npmjs.org/globals/-/globals-16.4.0.tgz",
      "integrity": "sha512-ob/2LcVVaVGCYN+r14cnwnoDPUufjiYgSqRhiFD0Q1iI4Odora5RE8Iv1D24hAz5oMophRGkGz+yuvQmmUMnMw=="
    }
  }
}
